{
  "name": "stylus-ext",
  "version": "1.0.0",
  "lockfileVersion": 2,
  "requires": true,
  "packages": {
    "": {
      "version": "1.0.0",
      "license": "ISC",
      "dependencies": {
        "esbuild": "^0.9.5",
        "three": "^0.126.1"
      }
    },
    "node_modules/esbuild": {
      "version": "0.9.5",
      "resolved": "https://registry.npmjs.org/esbuild/-/esbuild-0.9.5.tgz",
      "integrity": "sha512-ZBOtZX9HxgSdwkAroVifEUgylWqbOjqbu1i1ohRvhoaYt6aj81dxbizODx419gwDAupqut44ehFVwUq7WRN/OA==",
      "hasInstallScript": true,
      "bin": {
        "esbuild": "bin/esbuild"
      }
    },
    "node_modules/three": {
      "version": "0.126.1",
      "resolved": "https://registry.npmjs.org/three/-/three-0.126.1.tgz",
      "integrity": "sha512-eOEXnZeE1FDV0XgL1u08auIP13jxdN9LQBAEmlErYzMxtIIfuGIAZbijOyookALUhqVzVOx0Tywj6n192VM+nQ=="
    }
  },
  "dependencies": {
    "esbuild": {
      "version": "0.9.5",
      "resolved": "https://registry.npmjs.org/esbuild/-/esbuild-0.9.5.tgz",
      "integrity": "sha512-ZBOtZX9HxgSdwkAroVifEUgylWqbOjqbu1i1ohRvhoaYt6aj81dxbizODx419gwDAupqut44ehFVwUq7WRN/OA=="
    },
    "three": {
      "version": "0.126.1",
      "resolved": "https://registry.npmjs.org/three/-/three-0.126.1.tgz",
      "integrity": "sha512-eOEXnZeE1FDV0XgL1u08auIP13jxdN9LQBAEmlErYzMxtIIfuGIAZbijOyookALUhqVzVOx0Tywj6n192VM+nQ=="
    }
  }
}
